
Microsoft Visual Studio Solution File, Format Version 12.00
# Visual Studio Version 16
VisualStudioVersion = 16.0.31729.503
MinimumVisualStudioVersion = 10.0.40219.1
Project("{9A19103F-16F7-4668-BE54-9A1E7A4F7556}") = "ImageApi", "ImageApi.csproj", "{ED688E69-56DA-4017-A581-3DF3083C379A}"
EndProject
Global
	GlobalSection(SolutionConfigurationPlatforms) = preSolution
		Debug|Any CPU = Debug|Any CPU
		Release|Any CPU = Release|Any CPU
	EndGlobalSection
	GlobalSection(ProjectConfigurationPlatforms) = postSolution
		{ED688E69-56DA-4017-A581-3DF3083C379A}.Debug|Any CPU.ActiveCfg = Debug|Any CPU
		{ED688E69-56DA-4017-A581-3DF3083C379A}.Debug|Any CPU.Build.0 = Debug|Any CPU
		{ED688E69-56DA-4017-A581-3DF3083C379A}.Release|Any CPU.ActiveCfg = Release|Any CPU
		{ED688E69-56DA-4017-A581-3DF3083C379A}.Release|Any CPU.Build.0 = Release|Any CPU
	EndGlobalSection
	GlobalSection(SolutionProperties) = preSolution
		HideSolutionNode = FALSE
	EndGlobalSection
	GlobalSection(ExtensibilityGlobals) = postSolution
		SolutionGuid = {1A3CCD4D-33FB-46D9-8542-A90BF430D0C1}
	EndGlobalSection
EndGlobal
